// !$*UTF8*$!
{
	archiveVersion = 1;
	classes = {
	};
	objectVersion = 46;
	objects = {

/* Begin PBXBuildFile section */
		241AFD6114B98C25DB4C0F13 /* Pods_Duo_Play.framework in Frameworks */ = {isa = PBXBuildFile; fileRef = D0E7A5F1B58C77568415C467 /* Pods_Duo_Play.framework */; };
		4720BE201F37E06B006E55C5 /* History.swift in Sources */ = {isa = PBXBuildFile; fileRef = 4720BE1F1F37E06B006E55C5 /* History.swift */; };
		4720BE221F37E11B006E55C5 /* HistoryCell.swift in Sources */ = {isa = PBXBuildFile; fileRef = 4720BE211F37E11B006E55C5 /* HistoryCell.swift */; };
		472103F41F59FF6B00CA76C3 /* TournamentController.swift in Sources */ = {isa = PBXBuildFile; fileRef = 472103F31F59FF6B00CA76C3 /* TournamentController.swift */; };
		472103F61F5A191F00CA76C3 /* TournamentDAO.swift in Sources */ = {isa = PBXBuildFile; fileRef = 472103F51F5A191F00CA76C3 /* TournamentDAO.swift */; };
		472103FC1F5D524C00CA76C3 /* PoolPlayMatchGenerator.swift in Sources */ = {isa = PBXBuildFile; fileRef = 472103FB1F5D524C00CA76C3 /* PoolPlayMatchGenerator.swift */; };
		472104001F5D568400CA76C3 /* PoolPlayMatchup.swift in Sources */ = {isa = PBXBuildFile; fileRef = 472103FF1F5D568400CA76C3 /* PoolPlayMatchup.swift */; };
		472104041F5E022F00CA76C3 /* PoolPlayMatchReporterView.swift in Sources */ = {isa = PBXBuildFile; fileRef = 472104031F5E022F00CA76C3 /* PoolPlayMatchReporterView.swift */; };
		472104061F62939A00CA76C3 /* PoolPlayMatchReporterController.swift in Sources */ = {isa = PBXBuildFile; fileRef = 472104051F62939A00CA76C3 /* PoolPlayMatchReporterController.swift */; };
		47232F541F494D9600EED453 /* RPSessionsView.swift in Sources */ = {isa = PBXBuildFile; fileRef = 47232F531F494D9600EED453 /* RPSessionsView.swift */; };
		472C8315204627490067B9C1 /* TournamentTeamsViewController.swift in Sources */ = {isa = PBXBuildFile; fileRef = 472C8314204627490067B9C1 /* TournamentTeamsViewController.swift */; };
		473689661F40240700C04FD4 /* Division.swift in Sources */ = {isa = PBXBuildFile; fileRef = 473689651F40240700C04FD4 /* Division.swift */; };
		475FF2831FA96FEC0018BB63 /* Session.swift in Sources */ = {isa = PBXBuildFile; fileRef = 475FF2821FA96FEC0018BB63 /* Session.swift */; };
		478388B21FBA5DF500D8052E /* PoolsController.swift in Sources */ = {isa = PBXBuildFile; fileRef = 478388B11FBA5DF500D8052E /* PoolsController.swift */; };
		478388B41FBB8BA000D8052E /* PoolsDetailView.swift in Sources */ = {isa = PBXBuildFile; fileRef = 478388B31FBB8BA000D8052E /* PoolsDetailView.swift */; };
		479157111FAD692800892145 /* RPDifficultyController.swift in Sources */ = {isa = PBXBuildFile; fileRef = 479157101FAD692800892145 /* RPDifficultyController.swift */; };
		47967CBC1FF998B2007E67E4 /* PoolStandingsView.swift in Sources */ = {isa = PBXBuildFile; fileRef = 47967CBB1FF998B2007E67E4 /* PoolStandingsView.swift */; };
		47967CC21FF9E710007E67E4 /* BracketController.swift in Sources */ = {isa = PBXBuildFile; fileRef = 47967CC11FF9E710007E67E4 /* BracketController.swift */; };
		47967CC41FF9EEE8007E67E4 /* SeedsViewController.swift in Sources */ = {isa = PBXBuildFile; fileRef = 47967CC31FF9EEE8007E67E4 /* SeedsViewController.swift */; };
		47967CC61FF9F950007E67E4 /* BracketMatchup.swift in Sources */ = {isa = PBXBuildFile; fileRef = 47967CC51FF9F950007E67E4 /* BracketMatchup.swift */; };
		47967CC81FFA1AB9007E67E4 /* MatchupsViewController.swift in Sources */ = {isa = PBXBuildFile; fileRef = 47967CC71FFA1AB9007E67E4 /* MatchupsViewController.swift */; };
		47967CCA1FFA1AE7007E67E4 /* BracketReporterViewController.swift in Sources */ = {isa = PBXBuildFile; fileRef = 47967CC91FFA1AE7007E67E4 /* BracketReporterViewController.swift */; };
		47B5DF2B200E9920004DB444 /* GoogleService-Info.plist in Resources */ = {isa = PBXBuildFile; fileRef = 47B5DF2A200E9920004DB444 /* GoogleService-Info.plist */; };
		47BE733320507FF9003C100B /* Node.swift in Sources */ = {isa = PBXBuildFile; fileRef = 47BE733220507FF9003C100B /* Node.swift */; };
		47C13A532000275000CE886D /* LiveBracketViewController.swift in Sources */ = {isa = PBXBuildFile; fileRef = 47C13A522000275000CE886D /* LiveBracketViewController.swift */; };
		47CA524C203B744E00781BC7 /* ChallongeAPI.swift in Sources */ = {isa = PBXBuildFile; fileRef = 47CA524B203B744E00781BC7 /* ChallongeAPI.swift */; };
		47CA524E203BA86E00781BC7 /* TournamentAPI.swift in Sources */ = {isa = PBXBuildFile; fileRef = 47CA524D203BA86E00781BC7 /* TournamentAPI.swift */; };
		47D6BB972047835C003AC6AB /* TournamentsTabBarViewController.swift in Sources */ = {isa = PBXBuildFile; fileRef = 47D6BB962047835C003AC6AB /* TournamentsTabBarViewController.swift */; };
		47DE962A1F3E075400F944F0 /* Tournament.swift in Sources */ = {isa = PBXBuildFile; fileRef = 47DE96291F3E075400F944F0 /* Tournament.swift */; };
		47DE962C1F3E075C00F944F0 /* Pool.swift in Sources */ = {isa = PBXBuildFile; fileRef = 47DE962B1F3E075C00F944F0 /* Pool.swift */; };
		47DE962F1F3E07DD00F944F0 /* Team.swift in Sources */ = {isa = PBXBuildFile; fileRef = 47DE962E1F3E07DD00F944F0 /* Team.swift */; };
		47DE96331F3E2AE100F944F0 /* TournamentsHomeView.swift in Sources */ = {isa = PBXBuildFile; fileRef = 47DE96321F3E2AE100F944F0 /* TournamentsHomeView.swift */; };
		47DE96371F3E2F9900F944F0 /* TeamsView.swift in Sources */ = {isa = PBXBuildFile; fileRef = 47DE96361F3E2F9900F944F0 /* TeamsView.swift */; };
		47DE96391F3E305600F944F0 /* TeamsController.swift in Sources */ = {isa = PBXBuildFile; fileRef = 47DE96381F3E305600F944F0 /* TeamsController.swift */; };
		47DE963B1F3E3D5300F944F0 /* PoolsView.swift in Sources */ = {isa = PBXBuildFile; fileRef = 47DE963A1F3E3D5300F944F0 /* PoolsView.swift */; };
		47DE963F1F3E425700F944F0 /* TournamentSettingsView.swift in Sources */ = {isa = PBXBuildFile; fileRef = 47DE963E1F3E425700F944F0 /* TournamentSettingsView.swift */; };
		47E894B4205626E500F9CEE8 /* TournamentLandingViewController.swift in Sources */ = {isa = PBXBuildFile; fileRef = 47E894B3205626E500F9CEE8 /* TournamentLandingViewController.swift */; };
		47E894BA2056D3EA00F9CEE8 /* TGPlayersViewController.swift in Sources */ = {isa = PBXBuildFile; fileRef = 47E894B92056D3EA00F9CEE8 /* TGPlayersViewController.swift */; };
		47E894BC2056D42900F9CEE8 /* TGGeneratedResultsViewController.swift in Sources */ = {isa = PBXBuildFile; fileRef = 47E894BB2056D42900F9CEE8 /* TGGeneratedResultsViewController.swift */; };
		47E894BE2056D49800F9CEE8 /* TGGenerateTeams.swift in Sources */ = {isa = PBXBuildFile; fileRef = 47E894BD2056D49800F9CEE8 /* TGGenerateTeams.swift */; };
		47E9323A1F3508FA00145E28 /* RPStatisticsController.swift in Sources */ = {isa = PBXBuildFile; fileRef = 47E932391F3508FA00145E28 /* RPStatisticsController.swift */; };
		47E9323C1F35090900145E28 /* RPHistoryController.swift in Sources */ = {isa = PBXBuildFile; fileRef = 47E9323B1F35090900145E28 /* RPHistoryController.swift */; };
		47E932401F35405600145E28 /* RulesWebView.swift in Sources */ = {isa = PBXBuildFile; fileRef = 47E9323F1F35405600145E28 /* RulesWebView.swift */; };
		47E932421F356A0800145E28 /* RPRandomizingController.swift in Sources */ = {isa = PBXBuildFile; fileRef = 47E932411F356A0800145E28 /* RPRandomizingController.swift */; };
		47E932441F36C29C00145E28 /* StatisticCell.swift in Sources */ = {isa = PBXBuildFile; fileRef = 47E932431F36C29C00145E28 /* StatisticCell.swift */; };
		47E932481F36C9D900145E28 /* Statistics.swift in Sources */ = {isa = PBXBuildFile; fileRef = 47E932471F36C9D900145E28 /* Statistics.swift */; };
		47F15E171F4733AE00518901 /* Fabric.framework in Frameworks */ = {isa = PBXBuildFile; fileRef = 47F15E151F4733AE00518901 /* Fabric.framework */; };
		47F15E181F4733AE00518901 /* Crashlytics.framework in Frameworks */ = {isa = PBXBuildFile; fileRef = 47F15E161F4733AE00518901 /* Crashlytics.framework */; };
		47F9F7E31F32814900C88DEA /* AppDelegate.swift in Sources */ = {isa = PBXBuildFile; fileRef = 47F9F7E21F32814900C88DEA /* AppDelegate.swift */; };
		47F9F7E51F32814900C88DEA /* MainViewController.swift in Sources */ = {isa = PBXBuildFile; fileRef = 47F9F7E41F32814900C88DEA /* MainViewController.swift */; };
		47F9F7E81F32814900C88DEA /* Main.storyboard in Resources */ = {isa = PBXBuildFile; fileRef = 47F9F7E61F32814900C88DEA /* Main.storyboard */; };
		47F9F7EA1F32814900C88DEA /* Assets.xcassets in Resources */ = {isa = PBXBuildFile; fileRef = 47F9F7E91F32814900C88DEA /* Assets.xcassets */; };
		47F9F7ED1F32814900C88DEA /* LaunchScreen.storyboard in Resources */ = {isa = PBXBuildFile; fileRef = 47F9F7EB1F32814900C88DEA /* LaunchScreen.storyboard */; };
		47F9F7F81F32814900C88DEA /* DuoPlayTests.swift in Sources */ = {isa = PBXBuildFile; fileRef = 47F9F7F71F32814900C88DEA /* DuoPlayTests.swift */; };
		47F9F8081F32D8D800C88DEA /* RandomPlayer.swift in Sources */ = {isa = PBXBuildFile; fileRef = 47F9F8071F32D8D800C88DEA /* RandomPlayer.swift */; };
		47F9F80C1F32DD0400C88DEA /* RPPlayersView.swift in Sources */ = {isa = PBXBuildFile; fileRef = 47F9F80B1F32DD0400C88DEA /* RPPlayersView.swift */; };
		47F9F80E1F33B4A400C88DEA /* RandomGame.swift in Sources */ = {isa = PBXBuildFile; fileRef = 47F9F80D1F33B4A400C88DEA /* RandomGame.swift */; };
		47F9F8101F33B51400C88DEA /* RPController.swift in Sources */ = {isa = PBXBuildFile; fileRef = 47F9F80F1F33B51400C88DEA /* RPController.swift */; };
		47F9F8121F33E08400C88DEA /* RPNewGameView.swift in Sources */ = {isa = PBXBuildFile; fileRef = 47F9F8111F33E08400C88DEA /* RPNewGameView.swift */; };
		47F9F8141F3414E000C88DEA /* RPGameController.swift in Sources */ = {isa = PBXBuildFile; fileRef = 47F9F8131F3414E000C88DEA /* RPGameController.swift */; };
		47F9F8161F34B17C00C88DEA /* RPStatisticsView.swift in Sources */ = {isa = PBXBuildFile; fileRef = 47F9F8151F34B17C00C88DEA /* RPStatisticsView.swift */; };
		47F9F8181F34B18800C88DEA /* RPHistoryView.swift in Sources */ = {isa = PBXBuildFile; fileRef = 47F9F8171F34B18800C88DEA /* RPHistoryView.swift */; };
		47FA9E321FB3AA86008E7D74 /* Net.swift in Sources */ = {isa = PBXBuildFile; fileRef = 47FA9E311FB3AA86008E7D74 /* Net.swift */; };
		47FF2D772068055600712D83 /* GoogleService-Info.plist in Resources */ = {isa = PBXBuildFile; fileRef = 47FF2D762068055500712D83 /* GoogleService-Info.plist */; };
		47FF2D79206810B200712D83 /* AdSupport.framework in Frameworks */ = {isa = PBXBuildFile; fileRef = 47FF2D78206810B100712D83 /* AdSupport.framework */; };
		47FF2D7B2068A14700712D83 /* TournamentParser.swift in Sources */ = {isa = PBXBuildFile; fileRef = 47FF2D7A2068A14700712D83 /* TournamentParser.swift */; };
		47FF2D7D2068A39500712D83 /* TournamentParserDelegate.swift in Sources */ = {isa = PBXBuildFile; fileRef = 47FF2D7C2068A39500712D83 /* TournamentParserDelegate.swift */; };
		FC7578FE5667C5CB0D5CBDD0 /* Pods_Duo_Play_Tests.framework in Frameworks */ = {isa = PBXBuildFile; fileRef = DA0474B81A4D3411505200B1 /* Pods_Duo_Play_Tests.framework */; };
/* End PBXBuildFile section */

/* Begin PBXContainerItemProxy section */
		47F9F7F41F32814900C88DEA /* PBXContainerItemProxy */ = {
			isa = PBXContainerItemProxy;
			containerPortal = 47F9F7D71F32814900C88DEA /* Project object */;
			proxyType = 1;
			remoteGlobalIDString = 47F9F7DE1F32814900C88DEA;
			remoteInfo = SpikeballPlay;
		};
/* End PBXContainerItemProxy section */

/* Begin PBXCopyFilesBuildPhase section */
		475FF27A1FA96A110018BB63 /* Embed Frameworks */ = {
			isa = PBXCopyFilesBuildPhase;
			buildActionMask = 2147483647;
			dstPath = "";
			dstSubfolderSpec = 10;
			files = (
			);
			name = "Embed Frameworks";
			runOnlyForDeploymentPostprocessing = 0;
		};
/* End PBXCopyFilesBuildPhase section */

/* Begin PBXFileReference section */
		42069046AEC9647B76EBA742 /* Pods-Duo Play Tests.debug.xcconfig */ = {isa = PBXFileReference; includeInIndex = 1; lastKnownFileType = text.xcconfig; name = "Pods-Duo Play Tests.debug.xcconfig"; path = "Pods/Target Support Files/Pods-Duo Play Tests/Pods-Duo Play Tests.debug.xcconfig"; sourceTree = "<group>"; };
		457A7B5661BBBF05F3BC23B4 /* Pods-Duo Play.release.xcconfig */ = {isa = PBXFileReference; includeInIndex = 1; lastKnownFileType = text.xcconfig; name = "Pods-Duo Play.release.xcconfig"; path = "Pods/Target Support Files/Pods-Duo Play/Pods-Duo Play.release.xcconfig"; sourceTree = "<group>"; };
		4720BE1F1F37E06B006E55C5 /* History.swift */ = {isa = PBXFileReference; fileEncoding = 4; lastKnownFileType = sourcecode.swift; path = History.swift; sourceTree = "<group>"; };
		4720BE211F37E11B006E55C5 /* HistoryCell.swift */ = {isa = PBXFileReference; fileEncoding = 4; lastKnownFileType = sourcecode.swift; path = HistoryCell.swift; sourceTree = "<group>"; };
		472103F31F59FF6B00CA76C3 /* TournamentController.swift */ = {isa = PBXFileReference; fileEncoding = 4; lastKnownFileType = sourcecode.swift; path = TournamentController.swift; sourceTree = "<group>"; };
		472103F51F5A191F00CA76C3 /* TournamentDAO.swift */ = {isa = PBXFileReference; fileEncoding = 4; lastKnownFileType = sourcecode.swift; path = TournamentDAO.swift; sourceTree = "<group>"; };
		472103FB1F5D524C00CA76C3 /* PoolPlayMatchGenerator.swift */ = {isa = PBXFileReference; fileEncoding = 4; lastKnownFileType = sourcecode.swift; path = PoolPlayMatchGenerator.swift; sourceTree = "<group>"; };
		472103FF1F5D568400CA76C3 /* PoolPlayMatchup.swift */ = {isa = PBXFileReference; fileEncoding = 4; lastKnownFileType = sourcecode.swift; path = PoolPlayMatchup.swift; sourceTree = "<group>"; };
		472104031F5E022F00CA76C3 /* PoolPlayMatchReporterView.swift */ = {isa = PBXFileReference; fileEncoding = 4; lastKnownFileType = sourcecode.swift; path = PoolPlayMatchReporterView.swift; sourceTree = "<group>"; };
		472104051F62939A00CA76C3 /* PoolPlayMatchReporterController.swift */ = {isa = PBXFileReference; fileEncoding = 4; lastKnownFileType = sourcecode.swift; path = PoolPlayMatchReporterController.swift; sourceTree = "<group>"; };
		47232F531F494D9600EED453 /* RPSessionsView.swift */ = {isa = PBXFileReference; fileEncoding = 4; lastKnownFileType = sourcecode.swift; path = RPSessionsView.swift; sourceTree = "<group>"; };
		472C8314204627490067B9C1 /* TournamentTeamsViewController.swift */ = {isa = PBXFileReference; lastKnownFileType = sourcecode.swift; path = TournamentTeamsViewController.swift; sourceTree = "<group>"; };
		473689651F40240700C04FD4 /* Division.swift */ = {isa = PBXFileReference; fileEncoding = 4; lastKnownFileType = sourcecode.swift; path = Division.swift; sourceTree = "<group>"; };
		475FF2821FA96FEC0018BB63 /* Session.swift */ = {isa = PBXFileReference; lastKnownFileType = sourcecode.swift; path = Session.swift; sourceTree = "<group>"; };
		478388B11FBA5DF500D8052E /* PoolsController.swift */ = {isa = PBXFileReference; lastKnownFileType = sourcecode.swift; path = PoolsController.swift; sourceTree = "<group>"; };
		478388B31FBB8BA000D8052E /* PoolsDetailView.swift */ = {isa = PBXFileReference; lastKnownFileType = sourcecode.swift; path = PoolsDetailView.swift; sourceTree = "<group>"; };
		479157101FAD692800892145 /* RPDifficultyController.swift */ = {isa = PBXFileReference; lastKnownFileType = sourcecode.swift; path = RPDifficultyController.swift; sourceTree = "<group>"; };
		47967CBB1FF998B2007E67E4 /* PoolStandingsView.swift */ = {isa = PBXFileReference; lastKnownFileType = sourcecode.swift; path = PoolStandingsView.swift; sourceTree = "<group>"; };
		47967CC11FF9E710007E67E4 /* BracketController.swift */ = {isa = PBXFileReference; lastKnownFileType = sourcecode.swift; path = BracketController.swift; sourceTree = "<group>"; };
		47967CC31FF9EEE8007E67E4 /* SeedsViewController.swift */ = {isa = PBXFileReference; lastKnownFileType = sourcecode.swift; path = SeedsViewController.swift; sourceTree = "<group>"; };
		47967CC51FF9F950007E67E4 /* BracketMatchup.swift */ = {isa = PBXFileReference; lastKnownFileType = sourcecode.swift; path = BracketMatchup.swift; sourceTree = "<group>"; };
		47967CC71FFA1AB9007E67E4 /* MatchupsViewController.swift */ = {isa = PBXFileReference; lastKnownFileType = sourcecode.swift; path = MatchupsViewController.swift; sourceTree = "<group>"; };
		47967CC91FFA1AE7007E67E4 /* BracketReporterViewController.swift */ = {isa = PBXFileReference; lastKnownFileType = sourcecode.swift; path = BracketReporterViewController.swift; sourceTree = "<group>"; };
		47B5DF2A200E9920004DB444 /* GoogleService-Info.plist */ = {isa = PBXFileReference; fileEncoding = 4; lastKnownFileType = text.plist.xml; path = "GoogleService-Info.plist"; sourceTree = "<group>"; };
		47BE733220507FF9003C100B /* Node.swift */ = {isa = PBXFileReference; lastKnownFileType = sourcecode.swift; path = Node.swift; sourceTree = "<group>"; };
		47C13A522000275000CE886D /* LiveBracketViewController.swift */ = {isa = PBXFileReference; lastKnownFileType = sourcecode.swift; path = LiveBracketViewController.swift; sourceTree = "<group>"; };
		47CA524B203B744E00781BC7 /* ChallongeAPI.swift */ = {isa = PBXFileReference; lastKnownFileType = sourcecode.swift; path = ChallongeAPI.swift; sourceTree = "<group>"; };
		47CA524D203BA86E00781BC7 /* TournamentAPI.swift */ = {isa = PBXFileReference; lastKnownFileType = sourcecode.swift; path = TournamentAPI.swift; sourceTree = "<group>"; };
		47D6BB962047835C003AC6AB /* TournamentsTabBarViewController.swift */ = {isa = PBXFileReference; lastKnownFileType = sourcecode.swift; path = TournamentsTabBarViewController.swift; sourceTree = "<group>"; };
		47DE96291F3E075400F944F0 /* Tournament.swift */ = {isa = PBXFileReference; fileEncoding = 4; lastKnownFileType = sourcecode.swift; path = Tournament.swift; sourceTree = "<group>"; };
		47DE962B1F3E075C00F944F0 /* Pool.swift */ = {isa = PBXFileReference; fileEncoding = 4; lastKnownFileType = sourcecode.swift; path = Pool.swift; sourceTree = "<group>"; };
		47DE962E1F3E07DD00F944F0 /* Team.swift */ = {isa = PBXFileReference; fileEncoding = 4; lastKnownFileType = sourcecode.swift; path = Team.swift; sourceTree = "<group>"; };
		47DE96321F3E2AE100F944F0 /* TournamentsHomeView.swift */ = {isa = PBXFileReference; fileEncoding = 4; lastKnownFileType = sourcecode.swift; path = TournamentsHomeView.swift; sourceTree = "<group>"; };
		47DE96361F3E2F9900F944F0 /* TeamsView.swift */ = {isa = PBXFileReference; fileEncoding = 4; lastKnownFileType = sourcecode.swift; path = TeamsView.swift; sourceTree = "<group>"; };
		47DE96381F3E305600F944F0 /* TeamsController.swift */ = {isa = PBXFileReference; fileEncoding = 4; lastKnownFileType = sourcecode.swift; path = TeamsController.swift; sourceTree = "<group>"; };
		47DE963A1F3E3D5300F944F0 /* PoolsView.swift */ = {isa = PBXFileReference; fileEncoding = 4; lastKnownFileType = sourcecode.swift; path = PoolsView.swift; sourceTree = "<group>"; };
		47DE963E1F3E425700F944F0 /* TournamentSettingsView.swift */ = {isa = PBXFileReference; fileEncoding = 4; lastKnownFileType = sourcecode.swift; path = TournamentSettingsView.swift; sourceTree = "<group>"; };
		47E894B3205626E500F9CEE8 /* TournamentLandingViewController.swift */ = {isa = PBXFileReference; lastKnownFileType = sourcecode.swift; path = TournamentLandingViewController.swift; sourceTree = "<group>"; };
		47E894B92056D3EA00F9CEE8 /* TGPlayersViewController.swift */ = {isa = PBXFileReference; lastKnownFileType = sourcecode.swift; path = TGPlayersViewController.swift; sourceTree = "<group>"; };
		47E894BB2056D42900F9CEE8 /* TGGeneratedResultsViewController.swift */ = {isa = PBXFileReference; lastKnownFileType = sourcecode.swift; path = TGGeneratedResultsViewController.swift; sourceTree = "<group>"; };
		47E894BD2056D49800F9CEE8 /* TGGenerateTeams.swift */ = {isa = PBXFileReference; lastKnownFileType = sourcecode.swift; path = TGGenerateTeams.swift; sourceTree = "<group>"; };
		47E932391F3508FA00145E28 /* RPStatisticsController.swift */ = {isa = PBXFileReference; fileEncoding = 4; lastKnownFileType = sourcecode.swift; path = RPStatisticsController.swift; sourceTree = "<group>"; };
		47E9323B1F35090900145E28 /* RPHistoryController.swift */ = {isa = PBXFileReference; fileEncoding = 4; lastKnownFileType = sourcecode.swift; path = RPHistoryController.swift; sourceTree = "<group>"; };
		47E9323F1F35405600145E28 /* RulesWebView.swift */ = {isa = PBXFileReference; fileEncoding = 4; lastKnownFileType = sourcecode.swift; path = RulesWebView.swift; sourceTree = "<group>"; };
		47E932411F356A0800145E28 /* RPRandomizingController.swift */ = {isa = PBXFileReference; fileEncoding = 4; lastKnownFileType = sourcecode.swift; path = RPRandomizingController.swift; sourceTree = "<group>"; };
		47E932431F36C29C00145E28 /* StatisticCell.swift */ = {isa = PBXFileReference; fileEncoding = 4; lastKnownFileType = sourcecode.swift; path = StatisticCell.swift; sourceTree = "<group>"; };
		47E932471F36C9D900145E28 /* Statistics.swift */ = {isa = PBXFileReference; fileEncoding = 4; lastKnownFileType = sourcecode.swift; path = Statistics.swift; sourceTree = "<group>"; };
		47F15E151F4733AE00518901 /* Fabric.framework */ = {isa = PBXFileReference; lastKnownFileType = wrapper.framework; path = Fabric.framework; sourceTree = "<group>"; };
		47F15E161F4733AE00518901 /* Crashlytics.framework */ = {isa = PBXFileReference; lastKnownFileType = wrapper.framework; path = Crashlytics.framework; sourceTree = "<group>"; };
		47F9F7DF1F32814900C88DEA /* Duo Play.app */ = {isa = PBXFileReference; explicitFileType = wrapper.application; includeInIndex = 0; path = "Duo Play.app"; sourceTree = BUILT_PRODUCTS_DIR; };
		47F9F7E21F32814900C88DEA /* AppDelegate.swift */ = {isa = PBXFileReference; lastKnownFileType = sourcecode.swift; path = AppDelegate.swift; sourceTree = "<group>"; };
		47F9F7E41F32814900C88DEA /* MainViewController.swift */ = {isa = PBXFileReference; lastKnownFileType = sourcecode.swift; path = MainViewController.swift; sourceTree = "<group>"; };
		47F9F7E71F32814900C88DEA /* Base */ = {isa = PBXFileReference; lastKnownFileType = file.storyboard; name = Base; path = Base.lproj/Main.storyboard; sourceTree = "<group>"; };
		47F9F7E91F32814900C88DEA /* Assets.xcassets */ = {isa = PBXFileReference; lastKnownFileType = folder.assetcatalog; path = Assets.xcassets; sourceTree = "<group>"; };
		47F9F7EC1F32814900C88DEA /* Base */ = {isa = PBXFileReference; lastKnownFileType = file.storyboard; name = Base; path = Base.lproj/LaunchScreen.storyboard; sourceTree = "<group>"; };
		47F9F7EE1F32814900C88DEA /* Info.plist */ = {isa = PBXFileReference; lastKnownFileType = text.plist.xml; path = Info.plist; sourceTree = "<group>"; };
		47F9F7F31F32814900C88DEA /* Duo Play Tests.xctest */ = {isa = PBXFileReference; explicitFileType = wrapper.cfbundle; includeInIndex = 0; path = "Duo Play Tests.xctest"; sourceTree = BUILT_PRODUCTS_DIR; };
		47F9F7F71F32814900C88DEA /* DuoPlayTests.swift */ = {isa = PBXFileReference; lastKnownFileType = sourcecode.swift; path = DuoPlayTests.swift; sourceTree = "<group>"; };
		47F9F7F91F32814900C88DEA /* Info.plist */ = {isa = PBXFileReference; lastKnownFileType = text.plist.xml; path = Info.plist; sourceTree = "<group>"; };
		47F9F8071F32D8D800C88DEA /* RandomPlayer.swift */ = {isa = PBXFileReference; fileEncoding = 4; lastKnownFileType = sourcecode.swift; path = RandomPlayer.swift; sourceTree = "<group>"; };
		47F9F80B1F32DD0400C88DEA /* RPPlayersView.swift */ = {isa = PBXFileReference; fileEncoding = 4; lastKnownFileType = sourcecode.swift; path = RPPlayersView.swift; sourceTree = "<group>"; };
		47F9F80D1F33B4A400C88DEA /* RandomGame.swift */ = {isa = PBXFileReference; fileEncoding = 4; lastKnownFileType = sourcecode.swift; path = RandomGame.swift; sourceTree = "<group>"; };
		47F9F80F1F33B51400C88DEA /* RPController.swift */ = {isa = PBXFileReference; fileEncoding = 4; lastKnownFileType = sourcecode.swift; path = RPController.swift; sourceTree = "<group>"; };
		47F9F8111F33E08400C88DEA /* RPNewGameView.swift */ = {isa = PBXFileReference; fileEncoding = 4; lastKnownFileType = sourcecode.swift; path = RPNewGameView.swift; sourceTree = "<group>"; };
		47F9F8131F3414E000C88DEA /* RPGameController.swift */ = {isa = PBXFileReference; fileEncoding = 4; lastKnownFileType = sourcecode.swift; path = RPGameController.swift; sourceTree = "<group>"; };
		47F9F8151F34B17C00C88DEA /* RPStatisticsView.swift */ = {isa = PBXFileReference; fileEncoding = 4; lastKnownFileType = sourcecode.swift; path = RPStatisticsView.swift; sourceTree = "<group>"; };
		47F9F8171F34B18800C88DEA /* RPHistoryView.swift */ = {isa = PBXFileReference; fileEncoding = 4; lastKnownFileType = sourcecode.swift; path = RPHistoryView.swift; sourceTree = "<group>"; };
		47FA9E311FB3AA86008E7D74 /* Net.swift */ = {isa = PBXFileReference; lastKnownFileType = sourcecode.swift; path = Net.swift; sourceTree = "<group>"; };
		47FF2D762068055500712D83 /* GoogleService-Info.plist */ = {isa = PBXFileReference; fileEncoding = 4; lastKnownFileType = text.plist.xml; path = "GoogleService-Info.plist"; sourceTree = "<group>"; };
		47FF2D78206810B100712D83 /* AdSupport.framework */ = {isa = PBXFileReference; lastKnownFileType = wrapper.framework; name = AdSupport.framework; path = System/Library/Frameworks/AdSupport.framework; sourceTree = SDKROOT; };
		47FF2D7A2068A14700712D83 /* TournamentParser.swift */ = {isa = PBXFileReference; lastKnownFileType = sourcecode.swift; path = TournamentParser.swift; sourceTree = "<group>"; };
		47FF2D7C2068A39500712D83 /* TournamentParserDelegate.swift */ = {isa = PBXFileReference; lastKnownFileType = sourcecode.swift; path = TournamentParserDelegate.swift; sourceTree = "<group>"; };
		62ED0A748027FE2449D8070E /* Pods-Duo Play Tests.release.xcconfig */ = {isa = PBXFileReference; includeInIndex = 1; lastKnownFileType = text.xcconfig; name = "Pods-Duo Play Tests.release.xcconfig"; path = "Pods/Target Support Files/Pods-Duo Play Tests/Pods-Duo Play Tests.release.xcconfig"; sourceTree = "<group>"; };
		73FBDF7AFC1BAA1AF7B657FB /* Pods-Duo Play.debug.xcconfig */ = {isa = PBXFileReference; includeInIndex = 1; lastKnownFileType = text.xcconfig; name = "Pods-Duo Play.debug.xcconfig"; path = "Pods/Target Support Files/Pods-Duo Play/Pods-Duo Play.debug.xcconfig"; sourceTree = "<group>"; };
		D0E7A5F1B58C77568415C467 /* Pods_Duo_Play.framework */ = {isa = PBXFileReference; explicitFileType = wrapper.framework; includeInIndex = 0; path = Pods_Duo_Play.framework; sourceTree = BUILT_PRODUCTS_DIR; };
		DA0474B81A4D3411505200B1 /* Pods_Duo_Play_Tests.framework */ = {isa = PBXFileReference; explicitFileType = wrapper.framework; includeInIndex = 0; path = Pods_Duo_Play_Tests.framework; sourceTree = BUILT_PRODUCTS_DIR; };
/* End PBXFileReference section */

/* Begin PBXFrameworksBuildPhase section */
		47F9F7DC1F32814900C88DEA /* Frameworks */ = {
			isa = PBXFrameworksBuildPhase;
			buildActionMask = 2147483647;
			files = (
				47FF2D79206810B200712D83 /* AdSupport.framework in Frameworks */,
				47F15E181F4733AE00518901 /* Crashlytics.framework in Frameworks */,
				47F15E171F4733AE00518901 /* Fabric.framework in Frameworks */,
				241AFD6114B98C25DB4C0F13 /* Pods_Duo_Play.framework in Frameworks */,
			);
			runOnlyForDeploymentPostprocessing = 0;
		};
		47F9F7F01F32814900C88DEA /* Frameworks */ = {
			isa = PBXFrameworksBuildPhase;
			buildActionMask = 2147483647;
			files = (
				FC7578FE5667C5CB0D5CBDD0 /* Pods_Duo_Play_Tests.framework in Frameworks */,
			);
			runOnlyForDeploymentPostprocessing = 0;
		};
/* End PBXFrameworksBuildPhase section */

/* Begin PBXGroup section */
		30B349F13CCAD17D91612645 /* Pods */ = {
			isa = PBXGroup;
			children = (
				73FBDF7AFC1BAA1AF7B657FB /* Pods-Duo Play.debug.xcconfig */,
				457A7B5661BBBF05F3BC23B4 /* Pods-Duo Play.release.xcconfig */,
				42069046AEC9647B76EBA742 /* Pods-Duo Play Tests.debug.xcconfig */,
				62ED0A748027FE2449D8070E /* Pods-Duo Play Tests.release.xcconfig */,
			);
			name = Pods;
			sourceTree = "<group>";
		};
		472103F71F5D4F2700CA76C3 /* Pool Play */ = {
			isa = PBXGroup;
			children = (
				472103FA1F5D4F5E00CA76C3 /* Models */,
				472103F91F5D4F5A00CA76C3 /* Controllers */,
				472103F81F5D4F3000CA76C3 /* Views */,
			);
			name = "Pool Play";
			sourceTree = "<group>";
		};
		472103F81F5D4F3000CA76C3 /* Views */ = {
			isa = PBXGroup;
			children = (
				47DE96361F3E2F9900F944F0 /* TeamsView.swift */,
				47DE963A1F3E3D5300F944F0 /* PoolsView.swift */,
				478388B31FBB8BA000D8052E /* PoolsDetailView.swift */,
				47967CBB1FF998B2007E67E4 /* PoolStandingsView.swift */,
				472104031F5E022F00CA76C3 /* PoolPlayMatchReporterView.swift */,
			);
			name = Views;
			sourceTree = "<group>";
		};
		472103F91F5D4F5A00CA76C3 /* Controllers */ = {
			isa = PBXGroup;
			children = (
				47DE96381F3E305600F944F0 /* TeamsController.swift */,
				478388B11FBA5DF500D8052E /* PoolsController.swift */,
				472103FB1F5D524C00CA76C3 /* PoolPlayMatchGenerator.swift */,
				472104051F62939A00CA76C3 /* PoolPlayMatchReporterController.swift */,
			);
			name = Controllers;
			sourceTree = "<group>";
		};
		472103FA1F5D4F5E00CA76C3 /* Models */ = {
			isa = PBXGroup;
			children = (
				472103FF1F5D568400CA76C3 /* PoolPlayMatchup.swift */,
			);
			name = Models;
			sourceTree = "<group>";
		};
		47232F5C1F4971D200EED453 /* DataModel */ = {
			isa = PBXGroup;
			children = (
				472103F51F5A191F00CA76C3 /* TournamentDAO.swift */,
			);
			name = DataModel;
			sourceTree = "<group>";
		};
		475FF26F1FA9698A0018BB63 /* Frameworks */ = {
			isa = PBXGroup;
			children = (
				47FF2D78206810B100712D83 /* AdSupport.framework */,
				D0E7A5F1B58C77568415C467 /* Pods_Duo_Play.framework */,
				DA0474B81A4D3411505200B1 /* Pods_Duo_Play_Tests.framework */,
			);
			name = Frameworks;
			sourceTree = "<group>";
		};
		47967CBD1FF9E1E1007E67E4 /* Bracket Play */ = {
			isa = PBXGroup;
			children = (
				47967CC01FF9E20B007E67E4 /* Views */,
				47967CBF1FF9E200007E67E4 /* Controllers */,
				47967CBE1FF9E1EA007E67E4 /* Models */,
			);
			name = "Bracket Play";
			sourceTree = "<group>";
		};
		47967CBE1FF9E1EA007E67E4 /* Models */ = {
			isa = PBXGroup;
			children = (
				47967CC51FF9F950007E67E4 /* BracketMatchup.swift */,
				47CA524D203BA86E00781BC7 /* TournamentAPI.swift */,
			);
			name = Models;
			sourceTree = "<group>";
		};
		47967CBF1FF9E200007E67E4 /* Controllers */ = {
			isa = PBXGroup;
			children = (
				47967CC11FF9E710007E67E4 /* BracketController.swift */,
				47BE733220507FF9003C100B /* Node.swift */,
			);
			name = Controllers;
			sourceTree = "<group>";
		};
		47967CC01FF9E20B007E67E4 /* Views */ = {
			isa = PBXGroup;
			children = (
				47967CC31FF9EEE8007E67E4 /* SeedsViewController.swift */,
				47967CC71FFA1AB9007E67E4 /* MatchupsViewController.swift */,
				47967CC91FFA1AE7007E67E4 /* BracketReporterViewController.swift */,
				47C13A522000275000CE886D /* LiveBracketViewController.swift */,
				472C8314204627490067B9C1 /* TournamentTeamsViewController.swift */,
				47D6BB962047835C003AC6AB /* TournamentsTabBarViewController.swift */,
				47E894B3205626E500F9CEE8 /* TournamentLandingViewController.swift */,
			);
			name = Views;
			sourceTree = "<group>";
		};
		47CA524A203B742E00781BC7 /* ChallongeAPI */ = {
			isa = PBXGroup;
			children = (
				47CA524B203B744E00781BC7 /* ChallongeAPI.swift */,
			);
			name = ChallongeAPI;
			sourceTree = "<group>";
		};
		47DE96261F3E073800F944F0 /* Views */ = {
			isa = PBXGroup;
			children = (
				47DE963E1F3E425700F944F0 /* TournamentSettingsView.swift */,
				47DE96321F3E2AE100F944F0 /* TournamentsHomeView.swift */,
			);
			name = Views;
			sourceTree = "<group>";
		};
		47DE96271F3E074000F944F0 /* Controllers */ = {
			isa = PBXGroup;
			children = (
				472103F31F59FF6B00CA76C3 /* TournamentController.swift */,
			);
			name = Controllers;
			sourceTree = "<group>";
		};
		47DE96281F3E074700F944F0 /* Models */ = {
			isa = PBXGroup;
			children = (
				47DE96291F3E075400F944F0 /* Tournament.swift */,
				47DE962B1F3E075C00F944F0 /* Pool.swift */,
				47DE962E1F3E07DD00F944F0 /* Team.swift */,
				473689651F40240700C04FD4 /* Division.swift */,
			);
			name = Models;
			sourceTree = "<group>";
		};
		47DE962D1F3E07B600F944F0 /* TableViewCells */ = {
			isa = PBXGroup;
			children = (
				47E932431F36C29C00145E28 /* StatisticCell.swift */,
				4720BE211F37E11B006E55C5 /* HistoryCell.swift */,
			);
			name = TableViewCells;
			sourceTree = "<group>";
		};
		47E894B52056D2F800F9CEE8 /* TeamGenerator */ = {
			isa = PBXGroup;
			children = (
				47E894B82056D30700F9CEE8 /* Models */,
				47E894B72056D30500F9CEE8 /* Views */,
				47E894B62056D30300F9CEE8 /* Controllers */,
			);
			name = TeamGenerator;
			sourceTree = "<group>";
		};
		47E894B62056D30300F9CEE8 /* Controllers */ = {
			isa = PBXGroup;
			children = (
				47E894BD2056D49800F9CEE8 /* TGGenerateTeams.swift */,
			);
			name = Controllers;
			sourceTree = "<group>";
		};
		47E894B72056D30500F9CEE8 /* Views */ = {
			isa = PBXGroup;
			children = (
				47E894B92056D3EA00F9CEE8 /* TGPlayersViewController.swift */,
				47E894BB2056D42900F9CEE8 /* TGGeneratedResultsViewController.swift */,
			);
			name = Views;
			sourceTree = "<group>";
		};
		47E894B82056D30700F9CEE8 /* Models */ = {
			isa = PBXGroup;
			children = (
			);
			name = Models;
			sourceTree = "<group>";
		};
		47E9323D1F350B2F00145E28 /* Rules */ = {
			isa = PBXGroup;
			children = (
				47E9323E1F35404100145E28 /* Views */,
			);
			name = Rules;
			sourceTree = "<group>";
		};
		47E9323E1F35404100145E28 /* Views */ = {
			isa = PBXGroup;
			children = (
				47E9323F1F35405600145E28 /* RulesWebView.swift */,
			);
			name = Views;
			sourceTree = "<group>";
		};
		47F9F7D61F32814900C88DEA = {
			isa = PBXGroup;
			children = (
				47F9F7E11F32814900C88DEA /* Duo Play */,
				47F9F7F61F32814900C88DEA /* Duo Play Tests */,
				47F9F7E01F32814900C88DEA /* Products */,
				47F15E151F4733AE00518901 /* Fabric.framework */,
				47F15E161F4733AE00518901 /* Crashlytics.framework */,
				475FF26F1FA9698A0018BB63 /* Frameworks */,
				30B349F13CCAD17D91612645 /* Pods */,
			);
			sourceTree = "<group>";
		};
		47F9F7E01F32814900C88DEA /* Products */ = {
			isa = PBXGroup;
			children = (
				47F9F7DF1F32814900C88DEA /* Duo Play.app */,
				47F9F7F31F32814900C88DEA /* Duo Play Tests.xctest */,
			);
			name = Products;
			sourceTree = "<group>";
		};
		47F9F7E11F32814900C88DEA /* Duo Play */ = {
			isa = PBXGroup;
			children = (
				47E894B52056D2F800F9CEE8 /* TeamGenerator */,
				47232F5C1F4971D200EED453 /* DataModel */,
				47E9323D1F350B2F00145E28 /* Rules */,
				47F9F8031F32D50C00C88DEA /* Tournaments */,
				47F9F8021F32D4FA00C88DEA /* Random Play */,
				47F9F7E21F32814900C88DEA /* AppDelegate.swift */,
				47F9F7E41F32814900C88DEA /* MainViewController.swift */,
				47F9F7E61F32814900C88DEA /* Main.storyboard */,
				47F9F7E91F32814900C88DEA /* Assets.xcassets */,
				47F9F7EB1F32814900C88DEA /* LaunchScreen.storyboard */,
				47F9F7EE1F32814900C88DEA /* Info.plist */,
				47FF2D762068055500712D83 /* GoogleService-Info.plist */,
			);
			path = "Duo Play";
			sourceTree = "<group>";
		};
		47F9F7F61F32814900C88DEA /* Duo Play Tests */ = {
			isa = PBXGroup;
			children = (
				47F9F7F71F32814900C88DEA /* DuoPlayTests.swift */,
				47F9F7F91F32814900C88DEA /* Info.plist */,
				47B5DF2A200E9920004DB444 /* GoogleService-Info.plist */,
			);
			name = "Duo Play Tests";
			path = SpikeballPlayTests;
			sourceTree = "<group>";
		};
		47F9F8021F32D4FA00C88DEA /* Random Play */ = {
			isa = PBXGroup;
			children = (
				47F9F8061F32D53200C88DEA /* Views */,
				47F9F8051F32D52800C88DEA /* Controllers */,
				47F9F8041F32D51C00C88DEA /* Models */,
			);
			name = "Random Play";
			sourceTree = "<group>";
		};
		47F9F8031F32D50C00C88DEA /* Tournaments */ = {
			isa = PBXGroup;
			children = (
				47CA524A203B742E00781BC7 /* ChallongeAPI */,
				47967CBD1FF9E1E1007E67E4 /* Bracket Play */,
				472103F71F5D4F2700CA76C3 /* Pool Play */,
				47DE96281F3E074700F944F0 /* Models */,
				47DE96271F3E074000F944F0 /* Controllers */,
				47DE96261F3E073800F944F0 /* Views */,
				47FF2D7A2068A14700712D83 /* TournamentParser.swift */,
				47FF2D7C2068A39500712D83 /* TournamentParserDelegate.swift */,
			);
			name = Tournaments;
			sourceTree = "<group>";
		};
		47F9F8041F32D51C00C88DEA /* Models */ = {
			isa = PBXGroup;
			children = (
				47DE962D1F3E07B600F944F0 /* TableViewCells */,
				47F9F8071F32D8D800C88DEA /* RandomPlayer.swift */,
				47F9F80D1F33B4A400C88DEA /* RandomGame.swift */,
				47E932471F36C9D900145E28 /* Statistics.swift */,
				4720BE1F1F37E06B006E55C5 /* History.swift */,
				475FF2821FA96FEC0018BB63 /* Session.swift */,
				47FA9E311FB3AA86008E7D74 /* Net.swift */,
			);
			name = Models;
			sourceTree = "<group>";
		};
		47F9F8051F32D52800C88DEA /* Controllers */ = {
			isa = PBXGroup;
			children = (
				47F9F80F1F33B51400C88DEA /* RPController.swift */,
				47F9F8131F3414E000C88DEA /* RPGameController.swift */,
				47E932391F3508FA00145E28 /* RPStatisticsController.swift */,
				47E9323B1F35090900145E28 /* RPHistoryController.swift */,
				47E932411F356A0800145E28 /* RPRandomizingController.swift */,
				479157101FAD692800892145 /* RPDifficultyController.swift */,
			);
			name = Controllers;
			sourceTree = "<group>";
		};
		47F9F8061F32D53200C88DEA /* Views */ = {
			isa = PBXGroup;
			children = (
				47232F531F494D9600EED453 /* RPSessionsView.swift */,
				47F9F80B1F32DD0400C88DEA /* RPPlayersView.swift */,
				47F9F8111F33E08400C88DEA /* RPNewGameView.swift */,
				47F9F8151F34B17C00C88DEA /* RPStatisticsView.swift */,
				47F9F8171F34B18800C88DEA /* RPHistoryView.swift */,
			);
			name = Views;
			sourceTree = "<group>";
		};
/* End PBXGroup section */

/* Begin PBXNativeTarget section */
		47F9F7DE1F32814900C88DEA /* Duo Play */ = {
			isa = PBXNativeTarget;
			buildConfigurationList = 47F9F7FC1F32814900C88DEA /* Build configuration list for PBXNativeTarget "Duo Play" */;
			buildPhases = (
				475187E4EB6B4B1A32693CEC /* [CP] Check Pods Manifest.lock */,
				47F9F7DB1F32814900C88DEA /* Sources */,
				47F9F7DC1F32814900C88DEA /* Frameworks */,
				47F9F7DD1F32814900C88DEA /* Resources */,
				47F15E141F4732E800518901 /* ShellScript */,
				475FF27A1FA96A110018BB63 /* Embed Frameworks */,
				46C3E0A304ECBD8E58A4D0ED /* [CP] Embed Pods Frameworks */,
				132C85C8756CF6ECB22E37B7 /* [CP] Copy Pods Resources */,
			);
			buildRules = (
			);
			dependencies = (
			);
			name = "Duo Play";
			productName = SpikeballPlay;
			productReference = 47F9F7DF1F32814900C88DEA /* Duo Play.app */;
			productType = "com.apple.product-type.application";
		};
		47F9F7F21F32814900C88DEA /* Duo Play Tests */ = {
			isa = PBXNativeTarget;
			buildConfigurationList = 47F9F7FF1F32814900C88DEA /* Build configuration list for PBXNativeTarget "Duo Play Tests" */;
			buildPhases = (
				70D2996B9C34CF4D6FD41B67 /* [CP] Check Pods Manifest.lock */,
				47F9F7EF1F32814900C88DEA /* Sources */,
				47F9F7F01F32814900C88DEA /* Frameworks */,
				47F9F7F11F32814900C88DEA /* Resources */,
				DD5C6E2AA9185DD0E76D3B19 /* [CP] Embed Pods Frameworks */,
				A927051F3FF6D7BE94F0A0F7 /* [CP] Copy Pods Resources */,
			);
			buildRules = (
			);
			dependencies = (
				47F9F7F51F32814900C88DEA /* PBXTargetDependency */,
			);
			name = "Duo Play Tests";
			productName = SpikeballPlayTests;
			productReference = 47F9F7F31F32814900C88DEA /* Duo Play Tests.xctest */;
			productType = "com.apple.product-type.bundle.unit-test";
		};
/* End PBXNativeTarget section */

/* Begin PBXProject section */
		47F9F7D71F32814900C88DEA /* Project object */ = {
			isa = PBXProject;
			attributes = {
				LastSwiftUpdateCheck = 0830;
				LastUpgradeCheck = 0900;
				ORGANIZATIONNAME = "Jordan Davis";
				TargetAttributes = {
					47F9F7DE1F32814900C88DEA = {
						CreatedOnToolsVersion = 8.3.3;
						DevelopmentTeam = XCMCLK6E4Y;
						LastSwiftMigration = 0900;
						ProvisioningStyle = Automatic;
					};
					47F9F7F21F32814900C88DEA = {
						CreatedOnToolsVersion = 8.3.3;
						DevelopmentTeam = XCMCLK6E4Y;
						ProvisioningStyle = Automatic;
						TestTargetID = 47F9F7DE1F32814900C88DEA;
					};
				};
			};
			buildConfigurationList = 47F9F7DA1F32814900C88DEA /* Build configuration list for PBXProject "Duo Play" */;
			compatibilityVersion = "Xcode 3.2";
			developmentRegion = English;
			hasScannedForEncodings = 0;
			knownRegions = (
				en,
				Base,
			);
			mainGroup = 47F9F7D61F32814900C88DEA;
			productRefGroup = 47F9F7E01F32814900C88DEA /* Products */;
			projectDirPath = "";
			projectRoot = "";
			targets = (
				47F9F7DE1F32814900C88DEA /* Duo Play */,
				47F9F7F21F32814900C88DEA /* Duo Play Tests */,
			);
		};
/* End PBXProject section */

/* Begin PBXResourcesBuildPhase section */
		47F9F7DD1F32814900C88DEA /* Resources */ = {
			isa = PBXResourcesBuildPhase;
			buildActionMask = 2147483647;
			files = (
				47F9F7ED1F32814900C88DEA /* LaunchScreen.storyboard in Resources */,
				47B5DF2B200E9920004DB444 /* GoogleService-Info.plist in Resources */,
				47FF2D772068055600712D83 /* GoogleService-Info.plist in Resources */,
				47F9F7EA1F32814900C88DEA /* Assets.xcassets in Resources */,
				47F9F7E81F32814900C88DEA /* Main.storyboard in Resources */,
			);
			runOnlyForDeploymentPostprocessing = 0;
		};
		47F9F7F11F32814900C88DEA /* Resources */ = {
			isa = PBXResourcesBuildPhase;
			buildActionMask = 2147483647;
			files = (
			);
			runOnlyForDeploymentPostprocessing = 0;
		};
/* End PBXResourcesBuildPhase section */

/* Begin PBXShellScriptBuildPhase section */
		132C85C8756CF6ECB22E37B7 /* [CP] Copy Pods Resources */ = {
			isa = PBXShellScriptBuildPhase;
			buildActionMask = 2147483647;
			files = (
			);
			inputPaths = (
			);
			name = "[CP] Copy Pods Resources";
			outputPaths = (
			);
			runOnlyForDeploymentPostprocessing = 0;
			shellPath = /bin/sh;
			shellScript = "\"${SRCROOT}/Pods/Target Support Files/Pods-Duo Play/Pods-Duo Play-resources.sh\"\n";
			showEnvVarsInLog = 0;
		};
		46C3E0A304ECBD8E58A4D0ED /* [CP] Embed Pods Frameworks */ = {
			isa = PBXShellScriptBuildPhase;
			buildActionMask = 2147483647;
			files = (
			);
			inputPaths = (
				"${SRCROOT}/Pods/Target Support Files/Pods-Duo Play/Pods-Duo Play-frameworks.sh",
				"${BUILT_PRODUCTS_DIR}/BoringSSL/openssl.framework",
				"${BUILT_PRODUCTS_DIR}/GoogleToolboxForMac/GoogleToolboxForMac.framework",
				"${BUILT_PRODUCTS_DIR}/Protobuf/Protobuf.framework",
				"${BUILT_PRODUCTS_DIR}/Realm/Realm.framework",
				"${BUILT_PRODUCTS_DIR}/RealmSwift/RealmSwift.framework",
				"${BUILT_PRODUCTS_DIR}/gRPC/GRPCClient.framework",
				"${BUILT_PRODUCTS_DIR}/gRPC-Core/grpc.framework",
				"${BUILT_PRODUCTS_DIR}/gRPC-ProtoRPC/ProtoRPC.framework",
				"${BUILT_PRODUCTS_DIR}/gRPC-RxLibrary/RxLibrary.framework",
				"${BUILT_PRODUCTS_DIR}/leveldb-library/leveldb.framework",
				"${BUILT_PRODUCTS_DIR}/nanopb/nanopb.framework",
			);
			name = "[CP] Embed Pods Frameworks";
			outputPaths = (
				"${TARGET_BUILD_DIR}/${FRAMEWORKS_FOLDER_PATH}/openssl.framework",
				"${TARGET_BUILD_DIR}/${FRAMEWORKS_FOLDER_PATH}/GoogleToolboxForMac.framework",
				"${TARGET_BUILD_DIR}/${FRAMEWORKS_FOLDER_PATH}/Protobuf.framework",
				"${TARGET_BUILD_DIR}/${FRAMEWORKS_FOLDER_PATH}/Realm.framework",
				"${TARGET_BUILD_DIR}/${FRAMEWORKS_FOLDER_PATH}/RealmSwift.framework",
				"${TARGET_BUILD_DIR}/${FRAMEWORKS_FOLDER_PATH}/GRPCClient.framework",
				"${TARGET_BUILD_DIR}/${FRAMEWORKS_FOLDER_PATH}/grpc.framework",
				"${TARGET_BUILD_DIR}/${FRAMEWORKS_FOLDER_PATH}/ProtoRPC.framework",
				"${TARGET_BUILD_DIR}/${FRAMEWORKS_FOLDER_PATH}/RxLibrary.framework",
				"${TARGET_BUILD_DIR}/${FRAMEWORKS_FOLDER_PATH}/leveldb.framework",
				"${TARGET_BUILD_DIR}/${FRAMEWORKS_FOLDER_PATH}/nanopb.framework",
			);
			runOnlyForDeploymentPostprocessing = 0;
			shellPath = /bin/sh;
			shellScript = "\"${SRCROOT}/Pods/Target Support Files/Pods-Duo Play/Pods-Duo Play-frameworks.sh\"\n";
			showEnvVarsInLog = 0;
		};
		475187E4EB6B4B1A32693CEC /* [CP] Check Pods Manifest.lock */ = {
			isa = PBXShellScriptBuildPhase;
			buildActionMask = 2147483647;
			files = (
			);
			inputPaths = (
				"${PODS_PODFILE_DIR_PATH}/Podfile.lock",
				"${PODS_ROOT}/Manifest.lock",
			);
			name = "[CP] Check Pods Manifest.lock";
			outputPaths = (
				"$(DERIVED_FILE_DIR)/Pods-Duo Play-checkManifestLockResult.txt",
			);
			runOnlyForDeploymentPostprocessing = 0;
			shellPath = /bin/sh;
			shellScript = "diff \"${PODS_PODFILE_DIR_PATH}/Podfile.lock\" \"${PODS_ROOT}/Manifest.lock\" > /dev/null\nif [ $? != 0 ] ; then\n    # print error to STDERR\n    echo \"error: The sandbox is not in sync with the Podfile.lock. Run 'pod install' or update your CocoaPods installation.\" >&2\n    exit 1\nfi\n# This output is used by Xcode 'outputs' to avoid re-running this script phase.\necho \"SUCCESS\" > \"${SCRIPT_OUTPUT_FILE_0}\"\n";
			showEnvVarsInLog = 0;
		};
		47F15E141F4732E800518901 /* ShellScript */ = {
			isa = PBXShellScriptBuildPhase;
			buildActionMask = 2147483647;
			files = (
			);
			inputPaths = (
			);
			outputPaths = (
			);
			runOnlyForDeploymentPostprocessing = 0;
			shellPath = /bin/sh;
			shellScript = "./Fabric.framework/run 98707f0c14e182d450a3a9384e605c6123168165 1a52cff37af564a84e6c54e0148f1725e0390f0703dd17c2f229939f8218286c";
		};
		70D2996B9C34CF4D6FD41B67 /* [CP] Check Pods Manifest.lock */ = {
			isa = PBXShellScriptBuildPhase;
			buildActionMask = 2147483647;
			files = (
			);
			inputPaths = (
				"${PODS_PODFILE_DIR_PATH}/Podfile.lock",
				"${PODS_ROOT}/Manifest.lock",
			);
			name = "[CP] Check Pods Manifest.lock";
			outputPaths = (
				"$(DERIVED_FILE_DIR)/Pods-Duo Play Tests-checkManifestLockResult.txt",
			);
			runOnlyForDeploymentPostprocessing = 0;
			shellPath = /bin/sh;
			shellScript = "diff \"${PODS_PODFILE_DIR_PATH}/Podfile.lock\" \"${PODS_ROOT}/Manifest.lock\" > /dev/null\nif [ $? != 0 ] ; then\n    # print error to STDERR\n    echo \"error: The sandbox is not in sync with the Podfile.lock. Run 'pod install' or update your CocoaPods installation.\" >&2\n    exit 1\nfi\n# This output is used by Xcode 'outputs' to avoid re-running this script phase.\necho \"SUCCESS\" > \"${SCRIPT_OUTPUT_FILE_0}\"\n";
			showEnvVarsInLog = 0;
		};
		A927051F3FF6D7BE94F0A0F7 /* [CP] Copy Pods Resources */ = {
			isa = PBXShellScriptBuildPhase;
			buildActionMask = 2147483647;
			files = (
			);
			inputPaths = (
			);
			name = "[CP] Copy Pods Resources";
			outputPaths = (
			);
			runOnlyForDeploymentPostprocessing = 0;
			shellPath = /bin/sh;
			shellScript = "\"${SRCROOT}/Pods/Target Support Files/Pods-Duo Play Tests/Pods-Duo Play Tests-resources.sh\"\n";
			showEnvVarsInLog = 0;
		};
		DD5C6E2AA9185DD0E76D3B19 /* [CP] Embed Pods Frameworks */ = {
			isa = PBXShellScriptBuildPhase;
			buildActionMask = 2147483647;
			files = (
			);
			inputPaths = (
				"${SRCROOT}/Pods/Target Support Files/Pods-Duo Play Tests/Pods-Duo Play Tests-frameworks.sh",
				"${BUILT_PRODUCTS_DIR}/Realm/Realm.framework",
				"${BUILT_PRODUCTS_DIR}/RealmSwift/RealmSwift.framework",
			);
			name = "[CP] Embed Pods Frameworks";
			outputPaths = (
				"${TARGET_BUILD_DIR}/${FRAMEWORKS_FOLDER_PATH}/Realm.framework",
				"${TARGET_BUILD_DIR}/${FRAMEWORKS_FOLDER_PATH}/RealmSwift.framework",
			);
			runOnlyForDeploymentPostprocessing = 0;
			shellPath = /bin/sh;
			shellScript = "\"${SRCROOT}/Pods/Target Support Files/Pods-Duo Play Tests/Pods-Duo Play Tests-frameworks.sh\"\n";
			showEnvVarsInLog = 0;
		};
/* End PBXShellScriptBuildPhase section */

/* Begin PBXSourcesBuildPhase section */
		47F9F7DB1F32814900C88DEA /* Sources */ = {
			isa = PBXSourcesBuildPhase;
			buildActionMask = 2147483647;
			files = (
				4720BE201F37E06B006E55C5 /* History.swift in Sources */,
				47967CCA1FFA1AE7007E67E4 /* BracketReporterViewController.swift in Sources */,
				47967CC21FF9E710007E67E4 /* BracketController.swift in Sources */,
				47F9F8141F3414E000C88DEA /* RPGameController.swift in Sources */,
				47967CC81FFA1AB9007E67E4 /* MatchupsViewController.swift in Sources */,
				47D6BB972047835C003AC6AB /* TournamentsTabBarViewController.swift in Sources */,
				47E894BE2056D49800F9CEE8 /* TGGenerateTeams.swift in Sources */,
				472104001F5D568400CA76C3 /* PoolPlayMatchup.swift in Sources */,
				472104061F62939A00CA76C3 /* PoolPlayMatchReporterController.swift in Sources */,
				47DE963B1F3E3D5300F944F0 /* PoolsView.swift in Sources */,
				47E894B4205626E500F9CEE8 /* TournamentLandingViewController.swift in Sources */,
				472C8315204627490067B9C1 /* TournamentTeamsViewController.swift in Sources */,
				47F9F80E1F33B4A400C88DEA /* RandomGame.swift in Sources */,
				47F9F80C1F32DD0400C88DEA /* RPPlayersView.swift in Sources */,
				47DE96391F3E305600F944F0 /* TeamsController.swift in Sources */,
				47DE962A1F3E075400F944F0 /* Tournament.swift in Sources */,
				47F9F8181F34B18800C88DEA /* RPHistoryView.swift in Sources */,
				472104041F5E022F00CA76C3 /* PoolPlayMatchReporterView.swift in Sources */,
				47E9323A1F3508FA00145E28 /* RPStatisticsController.swift in Sources */,
				47FA9E321FB3AA86008E7D74 /* Net.swift in Sources */,
				475FF2831FA96FEC0018BB63 /* Session.swift in Sources */,
				47E932401F35405600145E28 /* RulesWebView.swift in Sources */,
				47CA524E203BA86E00781BC7 /* TournamentAPI.swift in Sources */,
				478388B21FBA5DF500D8052E /* PoolsController.swift in Sources */,
				47FF2D7D2068A39500712D83 /* TournamentParserDelegate.swift in Sources */,
				47DE96371F3E2F9900F944F0 /* TeamsView.swift in Sources */,
				47C13A532000275000CE886D /* LiveBracketViewController.swift in Sources */,
				47967CC41FF9EEE8007E67E4 /* SeedsViewController.swift in Sources */,
				47DE962F1F3E07DD00F944F0 /* Team.swift in Sources */,
				472103FC1F5D524C00CA76C3 /* PoolPlayMatchGenerator.swift in Sources */,
				47967CC61FF9F950007E67E4 /* BracketMatchup.swift in Sources */,
				47E932441F36C29C00145E28 /* StatisticCell.swift in Sources */,
				47E894BC2056D42900F9CEE8 /* TGGeneratedResultsViewController.swift in Sources */,
				473689661F40240700C04FD4 /* Division.swift in Sources */,
				47967CBC1FF998B2007E67E4 /* PoolStandingsView.swift in Sources */,
				47BE733320507FF9003C100B /* Node.swift in Sources */,
				47F9F8161F34B17C00C88DEA /* RPStatisticsView.swift in Sources */,
				479157111FAD692800892145 /* RPDifficultyController.swift in Sources */,
				47F9F8081F32D8D800C88DEA /* RandomPlayer.swift in Sources */,
				47E932481F36C9D900145E28 /* Statistics.swift in Sources */,
				47DE962C1F3E075C00F944F0 /* Pool.swift in Sources */,
				4720BE221F37E11B006E55C5 /* HistoryCell.swift in Sources */,
				472103F61F5A191F00CA76C3 /* TournamentDAO.swift in Sources */,
				478388B41FBB8BA000D8052E /* PoolsDetailView.swift in Sources */,
				472103F41F59FF6B00CA76C3 /* TournamentController.swift in Sources */,
				47232F541F494D9600EED453 /* RPSessionsView.swift in Sources */,
				47CA524C203B744E00781BC7 /* ChallongeAPI.swift in Sources */,
				47DE96331F3E2AE100F944F0 /* TournamentsHomeView.swift in Sources */,
				47F9F7E51F32814900C88DEA /* MainViewController.swift in Sources */,
				47DE963F1F3E425700F944F0 /* TournamentSettingsView.swift in Sources */,
				47F9F7E31F32814900C88DEA /* AppDelegate.swift in Sources */,
				47F9F8101F33B51400C88DEA /* RPController.swift in Sources */,
				47FF2D7B2068A14700712D83 /* TournamentParser.swift in Sources */,
				47E9323C1F35090900145E28 /* RPHistoryController.swift in Sources */,
				47E894BA2056D3EA00F9CEE8 /* TGPlayersViewController.swift in Sources */,
				47F9F8121F33E08400C88DEA /* RPNewGameView.swift in Sources */,
				47E932421F356A0800145E28 /* RPRandomizingController.swift in Sources */,
			);
			runOnlyForDeploymentPostprocessing = 0;
		};
		47F9F7EF1F32814900C88DEA /* Sources */ = {
			isa = PBXSourcesBuildPhase;
			buildActionMask = 2147483647;
			files = (
				47F9F7F81F32814900C88DEA /* DuoPlayTests.swift in Sources */,
			);
			runOnlyForDeploymentPostprocessing = 0;
		};
/* End PBXSourcesBuildPhase section */

/* Begin PBXTargetDependency section */
		47F9F7F51F32814900C88DEA /* PBXTargetDependency */ = {
			isa = PBXTargetDependency;
			target = 47F9F7DE1F32814900C88DEA /* Duo Play */;
			targetProxy = 47F9F7F41F32814900C88DEA /* PBXContainerItemProxy */;
		};
/* End PBXTargetDependency section */

/* Begin PBXVariantGroup section */
		47F9F7E61F32814900C88DEA /* Main.storyboard */ = {
			isa = PBXVariantGroup;
			children = (
				47F9F7E71F32814900C88DEA /* Base */,
			);
			name = Main.storyboard;
			sourceTree = "<group>";
		};
		47F9F7EB1F32814900C88DEA /* LaunchScreen.storyboard */ = {
			isa = PBXVariantGroup;
			children = (
				47F9F7EC1F32814900C88DEA /* Base */,
			);
			name = LaunchScreen.storyboard;
			sourceTree = "<group>";
		};
/* End PBXVariantGroup section */

/* Begin XCBuildConfiguration section */
		47F9F7FA1F32814900C88DEA /* Debug */ = {
			isa = XCBuildConfiguration;
			buildSettings = {
				ALWAYS_SEARCH_USER_PATHS = NO;
				CLANG_ANALYZER_NONNULL = YES;
				CLANG_ANALYZER_NUMBER_OBJECT_CONVERSION = YES_AGGRESSIVE;
				CLANG_CXX_LANGUAGE_STANDARD = "gnu++0x";
				CLANG_CXX_LIBRARY = "libc++";
				CLANG_ENABLE_MODULES = YES;
				CLANG_ENABLE_OBJC_ARC = YES;
				CLANG_WARN_BLOCK_CAPTURE_AUTORELEASING = YES;
				CLANG_WARN_BOOL_CONVERSION = YES;
				CLANG_WARN_COMMA = YES;
				CLANG_WARN_CONSTANT_CONVERSION = YES;
				CLANG_WARN_DIRECT_OBJC_ISA_USAGE = YES_ERROR;
				CLANG_WARN_DOCUMENTATION_COMMENTS = YES;
				CLANG_WARN_EMPTY_BODY = YES;
				CLANG_WARN_ENUM_CONVERSION = YES;
				CLANG_WARN_INFINITE_RECURSION = YES;
				CLANG_WARN_INT_CONVERSION = YES;
				CLANG_WARN_NON_LITERAL_NULL_CONVERSION = YES;
				CLANG_WARN_OBJC_LITERAL_CONVERSION = YES;
				CLANG_WARN_OBJC_ROOT_CLASS = YES_ERROR;
				CLANG_WARN_RANGE_LOOP_ANALYSIS = YES;
				CLANG_WARN_STRICT_PROTOTYPES = YES;
				CLANG_WARN_SUSPICIOUS_MOVE = YES;
				CLANG_WARN_UNREACHABLE_CODE = YES;
				CLANG_WARN__DUPLICATE_METHOD_MATCH = YES;
				"CODE_SIGN_IDENTITY[sdk=iphoneos*]" = "iPhone Developer";
				COPY_PHASE_STRIP = NO;
				DEBUG_INFORMATION_FORMAT = "dwarf-with-dsym";
				ENABLE_BITCODE = NO;
				ENABLE_STRICT_OBJC_MSGSEND = YES;
				ENABLE_TESTABILITY = YES;
				GCC_C_LANGUAGE_STANDARD = gnu99;
				GCC_DYNAMIC_NO_PIC = NO;
				GCC_NO_COMMON_BLOCKS = YES;
				GCC_OPTIMIZATION_LEVEL = 0;
				GCC_PREPROCESSOR_DEFINITIONS = (
					"DEBUG=1",
					"$(inherited)",
				);
				GCC_WARN_64_TO_32_BIT_CONVERSION = YES;
				GCC_WARN_ABOUT_RETURN_TYPE = YES_ERROR;
				GCC_WARN_UNDECLARED_SELECTOR = YES;
				GCC_WARN_UNINITIALIZED_AUTOS = YES_AGGRESSIVE;
				GCC_WARN_UNUSED_FUNCTION = YES;
				GCC_WARN_UNUSED_VARIABLE = YES;
				IPHONEOS_DEPLOYMENT_TARGET = 10.3;
				MTL_ENABLE_DEBUG_INFO = YES;
				ONLY_ACTIVE_ARCH = YES;
				SDKROOT = iphoneos;
				SWIFT_ACTIVE_COMPILATION_CONDITIONS = DEBUG;
				SWIFT_OPTIMIZATION_LEVEL = "-Onone";
				TARGETED_DEVICE_FAMILY = "1,2";
			};
			name = Debug;
		};
		47F9F7FB1F32814900C88DEA /* Release */ = {
			isa = XCBuildConfiguration;
			buildSettings = {
				ALWAYS_SEARCH_USER_PATHS = NO;
				CLANG_ANALYZER_NONNULL = YES;
				CLANG_ANALYZER_NUMBER_OBJECT_CONVERSION = YES_AGGRESSIVE;
				CLANG_CXX_LANGUAGE_STANDARD = "gnu++0x";
				CLANG_CXX_LIBRARY = "libc++";
				CLANG_ENABLE_MODULES = YES;
				CLANG_ENABLE_OBJC_ARC = YES;
				CLANG_WARN_BLOCK_CAPTURE_AUTORELEASING = YES;
				CLANG_WARN_BOOL_CONVERSION = YES;
				CLANG_WARN_COMMA = YES;
				CLANG_WARN_CONSTANT_CONVERSION = YES;
				CLANG_WARN_DIRECT_OBJC_ISA_USAGE = YES_ERROR;
				CLANG_WARN_DOCUMENTATION_COMMENTS = YES;
				CLANG_WARN_EMPTY_BODY = YES;
				CLANG_WARN_ENUM_CONVERSION = YES;
				CLANG_WARN_INFINITE_RECURSION = YES;
				CLANG_WARN_INT_CONVERSION = YES;
				CLANG_WARN_NON_LITERAL_NULL_CONVERSION = YES;
				CLANG_WARN_OBJC_LITERAL_CONVERSION = YES;
				CLANG_WARN_OBJC_ROOT_CLASS = YES_ERROR;
				CLANG_WARN_RANGE_LOOP_ANALYSIS = YES;
				CLANG_WARN_STRICT_PROTOTYPES = YES;
				CLANG_WARN_SUSPICIOUS_MOVE = YES;
				CLANG_WARN_UNREACHABLE_CODE = YES;
				CLANG_WARN__DUPLICATE_METHOD_MATCH = YES;
				"CODE_SIGN_IDENTITY[sdk=iphoneos*]" = "iPhone Developer";
				COPY_PHASE_STRIP = NO;
				DEBUG_INFORMATION_FORMAT = "dwarf-with-dsym";
				ENABLE_BITCODE = NO;
				ENABLE_NS_ASSERTIONS = NO;
				ENABLE_STRICT_OBJC_MSGSEND = YES;
				GCC_C_LANGUAGE_STANDARD = gnu99;
				GCC_NO_COMMON_BLOCKS = YES;
				GCC_WARN_64_TO_32_BIT_CONVERSION = YES;
				GCC_WARN_ABOUT_RETURN_TYPE = YES_ERROR;
				GCC_WARN_UNDECLARED_SELECTOR = YES;
				GCC_WARN_UNINITIALIZED_AUTOS = YES_AGGRESSIVE;
				GCC_WARN_UNUSED_FUNCTION = YES;
				GCC_WARN_UNUSED_VARIABLE = YES;
				IPHONEOS_DEPLOYMENT_TARGET = 10.3;
				MTL_ENABLE_DEBUG_INFO = NO;
				SDKROOT = iphoneos;
				SWIFT_OPTIMIZATION_LEVEL = "-Owholemodule";
				TARGETED_DEVICE_FAMILY = "1,2";
				VALIDATE_PRODUCT = YES;
			};
			name = Release;
		};
		47F9F7FD1F32814900C88DEA /* Debug */ = {
			isa = XCBuildConfiguration;
			baseConfigurationReference = 73FBDF7AFC1BAA1AF7B657FB /* Pods-Duo Play.debug.xcconfig */;
			buildSettings = {
				ASSETCATALOG_COMPILER_APPICON_NAME = AppIcon;
				DEVELOPMENT_TEAM = XCMCLK6E4Y;
				FRAMEWORK_SEARCH_PATHS = (
					"$(inherited)",
					"$(PROJECT_DIR)",
				);
				INFOPLIST_FILE = "$(SRCROOT)/Duo Play/Info.plist";
				IPHONEOS_DEPLOYMENT_TARGET = 10.3;
				LD_RUNPATH_SEARCH_PATHS = "$(inherited) @executable_path/Frameworks";
				PRODUCT_BUNDLE_IDENTIFIER = com.JordanDavis.DuoPlay;
				PRODUCT_MODULE_NAME = DuoPlay;
				PRODUCT_NAME = "Duo Play";
				SWIFT_SWIFT3_OBJC_INFERENCE = Default;
				SWIFT_VERSION = 4.0;
			};
			name = Debug;
		};
		47F9F7FE1F32814900C88DEA /* Release */ = {
			isa = XCBuildConfiguration;
			baseConfigurationReference = 457A7B5661BBBF05F3BC23B4 /* Pods-Duo Play.release.xcconfig */;
			buildSettings = {
				ASSETCATALOG_COMPILER_APPICON_NAME = AppIcon;
				DEVELOPMENT_TEAM = XCMCLK6E4Y;
				FRAMEWORK_SEARCH_PATHS = (
					"$(inherited)",
					"$(PROJECT_DIR)",
				);
				INFOPLIST_FILE = "$(SRCROOT)/Duo Play/Info.plist";
				IPHONEOS_DEPLOYMENT_TARGET = 10.3;
				LD_RUNPATH_SEARCH_PATHS = "$(inherited) @executable_path/Frameworks";
				PRODUCT_BUNDLE_IDENTIFIER = com.JordanDavis.DuoPlay;
				PRODUCT_MODULE_NAME = DuoPlay;
				PRODUCT_NAME = "Duo Play";
				SWIFT_SWIFT3_OBJC_INFERENCE = Default;
				SWIFT_VERSION = 4.0;
			};
			name = Release;
		};
		47F9F8001F32814900C88DEA /* Debug */ = {
			isa = XCBuildConfiguration;
			baseConfigurationReference = 42069046AEC9647B76EBA742 /* Pods-Duo Play Tests.debug.xcconfig */;
			buildSettings = {
				ALWAYS_EMBED_SWIFT_STANDARD_LIBRARIES = "$(inherited)";
				BUNDLE_LOADER = "$(TEST_HOST)";
				DEVELOPMENT_TEAM = XCMCLK6E4Y;
				FRAMEWORK_SEARCH_PATHS = "$(inherited)";
				INFOPLIST_FILE = SpikeballPlayTests/Info.plist;
				LD_RUNPATH_SEARCH_PATHS = "$(inherited) @executable_path/Frameworks @loader_path/Frameworks";
				PRODUCT_BUNDLE_IDENTIFIER = com.HoverSlam.DuoPlayTests;
				PRODUCT_NAME = "Duo Play Tests";
				SWIFT_VERSION = 4.0;
				TEST_HOST = "$(BUILT_PRODUCTS_DIR)/Doubles Match.app/Doubles Match";
			};
			name = Debug;
		};
		47F9F8011F32814900C88DEA /* Release */ = {
			isa = XCBuildConfiguration;
			baseConfigurationReference = 62ED0A748027FE2449D8070E /* Pods-Duo Play Tests.release.xcconfig */;
			buildSettings = {
				ALWAYS_EMBED_SWIFT_STANDARD_LIBRARIES = "$(inherited)";
				BUNDLE_LOADER = "$(TEST_HOST)";
				DEVELOPMENT_TEAM = XCMCLK6E4Y;
				FRAMEWORK_SEARCH_PATHS = "$(inherited)";
				INFOPLIST_FILE = SpikeballPlayTests/Info.plist;
				LD_RUNPATH_SEARCH_PATHS = "$(inherited) @executable_path/Frameworks @loader_path/Frameworks";
				PRODUCT_BUNDLE_IDENTIFIER = com.HoverSlam.DuoPlayTests;
				PRODUCT_NAME = "Duo Play Tests";
				SWIFT_VERSION = 4.0;
				TEST_HOST = "$(BUILT_PRODUCTS_DIR)/Doubles Match.app/Doubles Match";
			};
			name = Release;
		};
/* End XCBuildConfiguration section */

/* Begin XCConfigurationList section */
		47F9F7DA1F32814900C88DEA /* Build configuration list for PBXProject "Duo Play" */ = {
			isa = XCConfigurationList;
			buildConfigurations = (
				47F9F7FA1F32814900C88DEA /* Debug */,
				47F9F7FB1F32814900C88DEA /* Release */,
			);
			defaultConfigurationIsVisible = 0;
			defaultConfigurationName = Release;
		};
		47F9F7FC1F32814900C88DEA /* Build configuration list for PBXNativeTarget "Duo Play" */ = {
			isa = XCConfigurationList;
			buildConfigurations = (
				47F9F7FD1F32814900C88DEA /* Debug */,
				47F9F7FE1F32814900C88DEA /* Release */,
			);
			defaultConfigurationIsVisible = 0;
			defaultConfigurationName = Release;
		};
		47F9F7FF1F32814900C88DEA /* Build configuration list for PBXNativeTarget "Duo Play Tests" */ = {
			isa = XCConfigurationList;
			buildConfigurations = (
				47F9F8001F32814900C88DEA /* Debug */,
				47F9F8011F32814900C88DEA /* Release */,
			);
			defaultConfigurationIsVisible = 0;
			defaultConfigurationName = Release;
		};
/* End XCConfigurationList section */
	};
	rootObject = 47F9F7D71F32814900C88DEA /* Project object */;
}
